
Microsoft Visual Studio Solution File, Format Version 12.00
# Visual Studio Version 17
VisualStudioVersion = 17.11.35327.3
MinimumVisualStudioVersion = 10.0.40219.1
Project("{FAE04EC0-301F-11D3-BF4B-00C04F79EFBC}") = "Simulation", "Simulation\Simulation.csproj", "{C9423B88-9A12-45D8-9826-26F891291312}"
EndProject
Global
	GlobalSection(SolutionConfigurationPlatforms) = preSolution
		Debug|Any CPU = Debug|Any CPU
		Release|Any CPU = Release|Any CPU
	EndGlobalSection
	GlobalSection(ProjectConfigurationPlatforms) = postSolution
		{C9423B88-9A12-45D8-9826-26F891291312}.Debug|Any CPU.ActiveCfg = Debug|Any CPU
		{C9423B88-9A12-45D8-9826-26F891291312}.Debug|Any CPU.Build.0 = Debug|Any CPU
		{C9423B88-9A12-45D8-9826-26F891291312}.Release|Any CPU.ActiveCfg = Release|Any CPU
		{C9423B88-9A12-45D8-9826-26F891291312}.Release|Any CPU.Build.0 = Release|Any CPU
	EndGlobalSection
	GlobalSection(SolutionProperties) = preSolution
		HideSolutionNode = FALSE
	EndGlobalSection
	GlobalSection(ExtensibilityGlobals) = postSolution
		SolutionGuid = {04A4C18A-6787-4CA0-9BBA-A82605260873}
	EndGlobalSection
EndGlobal
